
Microsoft Visual Studio Solution File, Format Version 12.00
# Visual Studio 15
VisualStudioVersion = 15.0.26730.12
MinimumVisualStudioVersion = 10.0.40219.1
Project("{FAE04EC0-301F-11D3-BF4B-00C04F79EFBC}") = "Sword", "dotNetCoreSword\Sword.csproj", "{FD730B52-2B13-4622-ACF0-514E4EF3AD12}"
EndProject
Project("{FAE04EC0-301F-11D3-BF4B-00C04F79EFBC}") = "Client", "Client\Client.csproj", "{F3DE5940-01D2-45AF-9165-FAE2605B5470}"
EndProject
Project("{FAE04EC0-301F-11D3-BF4B-00C04F79EFBC}") = "Server", "Server\Server.csproj", "{53DE65C6-D033-4A5E-8299-21487050921A}"
EndProject
Project("{FAE04EC0-301F-11D3-BF4B-00C04F79EFBC}") = "IService", "IService\IService.csproj", "{E4A0C7AF-49C4-4C9A-96D8-45057D09A1C5}"
EndProject
Project("{FAE04EC0-301F-11D3-BF4B-00C04F79EFBC}") = "ServiceImpl", "ServiceImpl\ServiceImpl.csproj", "{7A5ABB5E-8861-4DDF-B351-78220728BB6D}"
EndProject
Project("{2150E333-8FDC-42A3-9474-1A3956D46DE8}") = "library", "library", "{CFD65C5A-823C-4018-AF1F-3439B25E7B89}"
EndProject
Project("{2150E333-8FDC-42A3-9474-1A3956D46DE8}") = "startable", "startable", "{2C865CB5-1D61-457E-A576-0110EB7D9F0E}"
EndProject
Project("{2150E333-8FDC-42A3-9474-1A3956D46DE8}") = "core", "core", "{E2B08EE7-1AEE-4C1A-A431-49AEE81207C4}"
EndProject
Global
	GlobalSection(SolutionConfigurationPlatforms) = preSolution
		Debug|Any CPU = Debug|Any CPU
		Release|Any CPU = Release|Any CPU
	EndGlobalSection
	GlobalSection(ProjectConfigurationPlatforms) = postSolution
		{FD730B52-2B13-4622-ACF0-514E4EF3AD12}.Debug|Any CPU.ActiveCfg = Debug|Any CPU
		{FD730B52-2B13-4622-ACF0-514E4EF3AD12}.Debug|Any CPU.Build.0 = Debug|Any CPU
		{FD730B52-2B13-4622-ACF0-514E4EF3AD12}.Release|Any CPU.ActiveCfg = Release|Any CPU
		{FD730B52-2B13-4622-ACF0-514E4EF3AD12}.Release|Any CPU.Build.0 = Release|Any CPU
		{F3DE5940-01D2-45AF-9165-FAE2605B5470}.Debug|Any CPU.ActiveCfg = Debug|Any CPU
		{F3DE5940-01D2-45AF-9165-FAE2605B5470}.Debug|Any CPU.Build.0 = Debug|Any CPU
		{F3DE5940-01D2-45AF-9165-FAE2605B5470}.Release|Any CPU.ActiveCfg = Release|Any CPU
		{F3DE5940-01D2-45AF-9165-FAE2605B5470}.Release|Any CPU.Build.0 = Release|Any CPU
		{53DE65C6-D033-4A5E-8299-21487050921A}.Debug|Any CPU.ActiveCfg = Debug|Any CPU
		{53DE65C6-D033-4A5E-8299-21487050921A}.Debug|Any CPU.Build.0 = Debug|Any CPU
		{53DE65C6-D033-4A5E-8299-21487050921A}.Release|Any CPU.ActiveCfg = Release|Any CPU
		{53DE65C6-D033-4A5E-8299-21487050921A}.Release|Any CPU.Build.0 = Release|Any CPU
		{E4A0C7AF-49C4-4C9A-96D8-45057D09A1C5}.Debug|Any CPU.ActiveCfg = Debug|Any CPU
		{E4A0C7AF-49C4-4C9A-96D8-45057D09A1C5}.Debug|Any CPU.Build.0 = Debug|Any CPU
		{E4A0C7AF-49C4-4C9A-96D8-45057D09A1C5}.Release|Any CPU.ActiveCfg = Release|Any CPU
		{E4A0C7AF-49C4-4C9A-96D8-45057D09A1C5}.Release|Any CPU.Build.0 = Release|Any CPU
		{7A5ABB5E-8861-4DDF-B351-78220728BB6D}.Debug|Any CPU.ActiveCfg = Debug|Any CPU
		{7A5ABB5E-8861-4DDF-B351-78220728BB6D}.Debug|Any CPU.Build.0 = Debug|Any CPU
		{7A5ABB5E-8861-4DDF-B351-78220728BB6D}.Release|Any CPU.ActiveCfg = Release|Any CPU
		{7A5ABB5E-8861-4DDF-B351-78220728BB6D}.Release|Any CPU.Build.0 = Release|Any CPU
	EndGlobalSection
	GlobalSection(SolutionProperties) = preSolution
		HideSolutionNode = FALSE
	EndGlobalSection
	GlobalSection(NestedProjects) = preSolution
		{FD730B52-2B13-4622-ACF0-514E4EF3AD12} = {CFD65C5A-823C-4018-AF1F-3439B25E7B89}
		{F3DE5940-01D2-45AF-9165-FAE2605B5470} = {2C865CB5-1D61-457E-A576-0110EB7D9F0E}
		{53DE65C6-D033-4A5E-8299-21487050921A} = {2C865CB5-1D61-457E-A576-0110EB7D9F0E}
		{E4A0C7AF-49C4-4C9A-96D8-45057D09A1C5} = {E2B08EE7-1AEE-4C1A-A431-49AEE81207C4}
		{7A5ABB5E-8861-4DDF-B351-78220728BB6D} = {E2B08EE7-1AEE-4C1A-A431-49AEE81207C4}
		{E2B08EE7-1AEE-4C1A-A431-49AEE81207C4} = {2C865CB5-1D61-457E-A576-0110EB7D9F0E}
	EndGlobalSection
	GlobalSection(ExtensibilityGlobals) = postSolution
		SolutionGuid = {CDFA3B0B-2665-4612-A594-83BA64AB0B0A}
	EndGlobalSection
EndGlobal
